// !$*UTF8*$!
{
	archiveVersion = 1;
	classes = {
	};
	objectVersion = 50;
	objects = {

/* Begin PBXBuildFile section */
		AB20B01D2447504200E05E17 /* blacklist.plist in Resources */ = {isa = PBXBuildFile; fileRef = AB20B01C2447504200E05E17 /* blacklist.plist */; };
		F39B2FE824462DAB00BB8B00 /* AppKit.framework in Frameworks */ = {isa = PBXBuildFile; fileRef = F39B2FE724462DAB00BB8B00 /* AppKit.framework */; };
		F39B2FEA24462DAB00BB8B00 /* Foundation.framework in Frameworks */ = {isa = PBXBuildFile; fileRef = F39B2FE924462DAB00BB8B00 /* Foundation.framework */; };
		F39B2FF124462DAB00BB8B00 /* MEMiniMe.m in Sources */ = {isa = PBXBuildFile; fileRef = F39B2FF024462DAB00BB8B00 /* MEMiniMe.m */; };
		F39B2FF524462DAB00BB8B00 /* ZKSwizzle.m in Sources */ = {isa = PBXBuildFile; fileRef = F39B2FF424462DAB00BB8B00 /* ZKSwizzle.m */; };
/* End PBXBuildFile section */

/* Begin PBXFileReference section */
		AB20B01C2447504200E05E17 /* blacklist.plist */ = {isa = PBXFileReference; lastKnownFileType = text.plist.xml; path = blacklist.plist; sourceTree = "<group>"; usesTabs = 1; };
		F39B2FE424462DAB00BB8B00 /* MEMiniMe.bundle */ = {isa = PBXFileReference; explicitFileType = wrapper.cfbundle; includeInIndex = 0; path = MEMiniMe.bundle; sourceTree = BUILT_PRODUCTS_DIR; };
		F39B2FE724462DAB00BB8B00 /* AppKit.framework */ = {isa = PBXFileReference; lastKnownFileType = wrapper.framework; name = AppKit.framework; path = /System/Library/Frameworks/AppKit.framework; sourceTree = "<absolute>"; };
		F39B2FE924462DAB00BB8B00 /* Foundation.framework */ = {isa = PBXFileReference; lastKnownFileType = wrapper.framework; name = Foundation.framework; path = /System/Library/Frameworks/Foundation.framework; sourceTree = "<absolute>"; };
		F39B2FF024462DAB00BB8B00 /* MEMiniMe.m */ = {isa = PBXFileReference; lastKnownFileType = sourcecode.c.objc; path = MEMiniMe.m; sourceTree = "<group>"; };
		F39B2FF324462DAB00BB8B00 /* ZKSwizzle.h */ = {isa = PBXFileReference; lastKnownFileType = sourcecode.c.h; path = ZKSwizzle.h; sourceTree = "<group>"; };
		F39B2FF424462DAB00BB8B00 /* ZKSwizzle.m */ = {isa = PBXFileReference; lastKnownFileType = sourcecode.c.objc; path = ZKSwizzle.m; sourceTree = "<group>"; };
		F39B2FFD244630BC00BB8B00 /* Info.plist */ = {isa = PBXFileReference; fileEncoding = 4; lastKnownFileType = text.plist.xml; path = Info.plist; sourceTree = "<group>"; };
/* End PBXFileReference section */

/* Begin PBXFrameworksBuildPhase section */
		F39B2FE124462DAB00BB8B00 /* Frameworks */ = {
			isa = PBXFrameworksBuildPhase;
			buildActionMask = 2147483647;
			files = (
				F39B2FE824462DAB00BB8B00 /* AppKit.framework in Frameworks */,
				F39B2FEA24462DAB00BB8B00 /* Foundation.framework in Frameworks */,
			);
			runOnlyForDeploymentPostprocessing = 0;
		};
/* End PBXFrameworksBuildPhase section */

/* Begin PBXGroup section */
		F39B2FDB24462DAA00BB8B00 = {
			isa = PBXGroup;
			children = (
				F39B2FEB24462DAB00BB8B00 /* MEMiniMe */,
				F39B2FE624462DAB00BB8B00 /* Frameworks */,
				F39B2FE524462DAB00BB8B00 /* Products */,
			);
			sourceTree = "<group>";
		};
		F39B2FE524462DAB00BB8B00 /* Products */ = {
			isa = PBXGroup;
			children = (
				F39B2FE424462DAB00BB8B00 /* MEMiniMe.bundle */,
			);
			name = Products;
			sourceTree = "<group>";
		};
		F39B2FE624462DAB00BB8B00 /* Frameworks */ = {
			isa = PBXGroup;
			children = (
				F39B2FE724462DAB00BB8B00 /* AppKit.framework */,
				F39B2FE924462DAB00BB8B00 /* Foundation.framework */,
			);
			name = Frameworks;
			sourceTree = "<group>";
		};
		F39B2FEB24462DAB00BB8B00 /* MEMiniMe */ = {
			isa = PBXGroup;
			children = (
				F39B2FF224462DAB00BB8B00 /* ZKSwizzle */,
				F39B2FF024462DAB00BB8B00 /* MEMiniMe.m */,
				F39B2FFD244630BC00BB8B00 /* Info.plist */,
				AB20B01C2447504200E05E17 /* blacklist.plist */,
			);
			path = MEMiniMe;
			sourceTree = "<group>";
		};
		F39B2FF224462DAB00BB8B00 /* ZKSwizzle */ = {
			isa = PBXGroup;
			children = (
				F39B2FF324462DAB00BB8B00 /* ZKSwizzle.h */,
				F39B2FF424462DAB00BB8B00 /* ZKSwizzle.m */,
			);
			path = ZKSwizzle;
			sourceTree = "<group>";
		};
/* End PBXGroup section */

/* Begin PBXNativeTarget section */
		F39B2FE324462DAB00BB8B00 /* MEMiniMe */ = {
			isa = PBXNativeTarget;
			buildConfigurationList = F39B2FFA24462DAB00BB8B00 /* Build configuration list for PBXNativeTarget "MEMiniMe" */;
			buildPhases = (
				F39B2FE024462DAB00BB8B00 /* Sources */,
				F39B2FE124462DAB00BB8B00 /* Frameworks */,
				F39B2FE224462DAB00BB8B00 /* Resources */,
				F39B300C24469F2600BB8B00 /* ShellScript */,
			);
			buildRules = (
			);
			dependencies = (
			);
			name = MEMiniMe;
			productName = Goodbye;
			productReference = F39B2FE424462DAB00BB8B00 /* MEMiniMe.bundle */;
			productType = "com.apple.product-type.bundle";
		};
/* End PBXNativeTarget section */

/* Begin PBXProject section */
		F39B2FDC24462DAA00BB8B00 /* Project object */ = {
			isa = PBXProject;
			attributes = {
				LastUpgradeCheck = 1140;
				ORGANIZATIONNAME = "Wolfgang Baird";
				TargetAttributes = {
					F39B2FE324462DAB00BB8B00 = {
						CreatedOnToolsVersion = 11.4;
					};
				};
			};
			buildConfigurationList = F39B2FDF24462DAA00BB8B00 /* Build configuration list for PBXProject "MEMiniMe" */;
			compatibilityVersion = "Xcode 9.3";
			developmentRegion = en;
			hasScannedForEncodings = 0;
			knownRegions = (
				en,
				Base,
			);
			mainGroup = F39B2FDB24462DAA00BB8B00;
			productRefGroup = F39B2FE524462DAB00BB8B00 /* Products */;
			projectDirPath = "";
			projectRoot = "";
			targets = (
				F39B2FE324462DAB00BB8B00 /* MEMiniMe */,
			);
		};
/* End PBXProject section */

/* Begin PBXResourcesBuildPhase section */
		F39B2FE224462DAB00BB8B00 /* Resources */ = {
			isa = PBXResourcesBuildPhase;
			buildActionMask = 2147483647;
			files = (
				AB20B01D2447504200E05E17 /* blacklist.plist in Resources */,
			);
			runOnlyForDeploymentPostprocessing = 0;
		};
/* End PBXResourcesBuildPhase section */

/* Begin PBXShellScriptBuildPhase section */
		F39B300C24469F2600BB8B00 /* ShellScript */ = {
			isa = PBXShellScriptBuildPhase;
			buildActionMask = 2147483647;
			files = (
			);
			inputPaths = (
			);
			outputPaths = (
			);
			runOnlyForDeploymentPostprocessing = 0;
			shellPath = /bin/sh;
			shellScript = "# Increment build number\n\nbuildNumber=$(/usr/libexec/PlistBuddy -c \"Print CFBundleVersion\" \"${INFOPLIST_FILE}\")\nbuildNumber=$(($buildNumber + 1))\n/usr/libexec/PlistBuddy -c \"Set :CFBundleVersion $buildNumber\" \"${INFOPLIST_FILE}\"\n";
		};
/* End PBXShellScriptBuildPhase section */

/* Begin PBXSourcesBuildPhase section */
		F39B2FE024462DAB00BB8B00 /* Sources */ = {
			isa = PBXSourcesBuildPhase;
			buildActionMask = 2147483647;
			files = (
				F39B2FF124462DAB00BB8B00 /* MEMiniMe.m in Sources */,
				F39B2FF524462DAB00BB8B00 /* ZKSwizzle.m in Sources */,
			);
			runOnlyForDeploymentPostprocessing = 0;
		};
/* End PBXSourcesBuildPhase section */

/* Begin XCBuildConfiguration section */
		F39B2FF824462DAB00BB8B00 /* Debug */ = {
			isa = XCBuildConfiguration;
			buildSettings = {
				ALWAYS_SEARCH_USER_PATHS = NO;
				CLANG_ANALYZER_NONNULL = YES;
				CLANG_ANALYZER_NUMBER_OBJECT_CONVERSION = YES_AGGRESSIVE;
				CLANG_CXX_LANGUAGE_STANDARD = "gnu++14";
				CLANG_CXX_LIBRARY = "libc++";
				CLANG_ENABLE_MODULES = YES;
				CLANG_ENABLE_OBJC_ARC = YES;
				CLANG_ENABLE_OBJC_WEAK = YES;
				CLANG_WARN_BLOCK_CAPTURE_AUTORELEASING = YES;
				CLANG_WARN_BOOL_CONVERSION = YES;
				CLANG_WARN_COMMA = YES;
				CLANG_WARN_CONSTANT_CONVERSION = YES;
				CLANG_WARN_DEPRECATED_OBJC_IMPLEMENTATIONS = YES;
				CLANG_WARN_DIRECT_OBJC_ISA_USAGE = YES_ERROR;
				CLANG_WARN_DOCUMENTATION_COMMENTS = YES;
				CLANG_WARN_EMPTY_BODY = YES;
				CLANG_WARN_ENUM_CONVERSION = YES;
				CLANG_WARN_INFINITE_RECURSION = YES;
				CLANG_WARN_INT_CONVERSION = YES;
				CLANG_WARN_NON_LITERAL_NULL_CONVERSION = YES;
				CLANG_WARN_OBJC_IMPLICIT_RETAIN_SELF = YES;
				CLANG_WARN_OBJC_LITERAL_CONVERSION = YES;
				CLANG_WARN_OBJC_ROOT_CLASS = YES_ERROR;
				CLANG_WARN_RANGE_LOOP_ANALYSIS = YES;
				CLANG_WARN_STRICT_PROTOTYPES = YES;
				CLANG_WARN_SUSPICIOUS_MOVE = YES;
				CLANG_WARN_UNGUARDED_AVAILABILITY = YES_AGGRESSIVE;
				CLANG_WARN_UNREACHABLE_CODE = YES;
				CLANG_WARN__DUPLICATE_METHOD_MATCH = YES;
				COMBINE_HIDPI_IMAGES = YES;
				COPY_PHASE_STRIP = NO;
				DEBUG_INFORMATION_FORMAT = dwarf;
				DEPLOYMENT_LOCATION = YES;
				DSTROOT = /;
				ENABLE_STRICT_OBJC_MSGSEND = YES;
				ENABLE_TESTABILITY = YES;
				GCC_C_LANGUAGE_STANDARD = gnu11;
				GCC_DYNAMIC_NO_PIC = NO;
				GCC_NO_COMMON_BLOCKS = YES;
				GCC_OPTIMIZATION_LEVEL = 0;
				GCC_PREPROCESSOR_DEFINITIONS = (
					"DEBUG=1",
					"$(inherited)",
				);
				GCC_WARN_64_TO_32_BIT_CONVERSION = YES;
				GCC_WARN_ABOUT_RETURN_TYPE = YES_ERROR;
				GCC_WARN_UNDECLARED_SELECTOR = YES;
				GCC_WARN_UNINITIALIZED_AUTOS = YES_AGGRESSIVE;
				GCC_WARN_UNUSED_FUNCTION = YES;
				GCC_WARN_UNUSED_VARIABLE = YES;
				INSTALL_PATH = "/Library/Application Support/MacEnhance/Plugins";
				MACOSX_DEPLOYMENT_TARGET = 10.9;
				MTL_ENABLE_DEBUG_INFO = INCLUDE_SOURCE;
				MTL_FAST_MATH = YES;
				ONLY_ACTIVE_ARCH = YES;
			};
			name = Debug;
		};
		F39B2FF924462DAB00BB8B00 /* Release */ = {
			isa = XCBuildConfiguration;
			buildSettings = {
				ALWAYS_SEARCH_USER_PATHS = NO;
				CLANG_ANALYZER_NONNULL = YES;
				CLANG_ANALYZER_NUMBER_OBJECT_CONVERSION = YES_AGGRESSIVE;
				CLANG_CXX_LANGUAGE_STANDARD = "gnu++14";
				CLANG_CXX_LIBRARY = "libc++";
				CLANG_ENABLE_MODULES = YES;
				CLANG_ENABLE_OBJC_ARC = YES;
				CLANG_ENABLE_OBJC_WEAK = YES;
				CLANG_WARN_BLOCK_CAPTURE_AUTORELEASING = YES;
				CLANG_WARN_BOOL_CONVERSION = YES;
				CLANG_WARN_COMMA = YES;
				CLANG_WARN_CONSTANT_CONVERSION = YES;
				CLANG_WARN_DEPRECATED_OBJC_IMPLEMENTATIONS = YES;
				CLANG_WARN_DIRECT_OBJC_ISA_USAGE = YES_ERROR;
				CLANG_WARN_DOCUMENTATION_COMMENTS = YES;
				CLANG_WARN_EMPTY_BODY = YES;
				CLANG_WARN_ENUM_CONVERSION = YES;
				CLANG_WARN_INFINITE_RECURSION = YES;
				CLANG_WARN_INT_CONVERSION = YES;
				CLANG_WARN_NON_LITERAL_NULL_CONVERSION = YES;
				CLANG_WARN_OBJC_IMPLICIT_RETAIN_SELF = YES;
				CLANG_WARN_OBJC_LITERAL_CONVERSION = YES;
				CLANG_WARN_OBJC_ROOT_CLASS = YES_ERROR;
				CLANG_WARN_RANGE_LOOP_ANALYSIS = YES;
				CLANG_WARN_STRICT_PROTOTYPES = YES;
				CLANG_WARN_SUSPICIOUS_MOVE = YES;
				CLANG_WARN_UNGUARDED_AVAILABILITY = YES_AGGRESSIVE;
				CLANG_WARN_UNREACHABLE_CODE = YES;
				CLANG_WARN__DUPLICATE_METHOD_MATCH = YES;
				COMBINE_HIDPI_IMAGES = YES;
				COPY_PHASE_STRIP = NO;
				DEBUG_INFORMATION_FORMAT = "dwarf-with-dsym";
				DEPLOYMENT_LOCATION = YES;
				DSTROOT = /;
				ENABLE_NS_ASSERTIONS = NO;
				ENABLE_STRICT_OBJC_MSGSEND = YES;
				GCC_C_LANGUAGE_STANDARD = gnu11;
				GCC_NO_COMMON_BLOCKS = YES;
				GCC_WARN_64_TO_32_BIT_CONVERSION = YES;
				GCC_WARN_ABOUT_RETURN_TYPE = YES_ERROR;
				GCC_WARN_UNDECLARED_SELECTOR = YES;
				GCC_WARN_UNINITIALIZED_AUTOS = YES_AGGRESSIVE;
				GCC_WARN_UNUSED_FUNCTION = YES;
				GCC_WARN_UNUSED_VARIABLE = YES;
				INSTALL_PATH = "/Library/Application Support/MacEnhance/Plugins";
				MACOSX_DEPLOYMENT_TARGET = 10.9;
				MTL_ENABLE_DEBUG_INFO = NO;
				MTL_FAST_MATH = YES;
			};
			name = Release;
		};
		F39B2FFB24462DAB00BB8B00 /* Debug */ = {
			isa = XCBuildConfiguration;
			buildSettings = {
				CLANG_ENABLE_OBJC_ARC = YES;
				CODE_SIGN_STYLE = Automatic;
				COMBINE_HIDPI_IMAGES = YES;
				CURRENT_PROJECT_VERSION = 10;
				DEPLOYMENT_LOCATION = YES;
				DEVELOPMENT_TEAM = EX596BNL45;
				DSTROOT = /;
				GCC_PRECOMPILE_PREFIX_HEADER = NO;
				INFOPLIST_FILE = MEMiniMe/Info.plist;
				INSTALL_PATH = "/Library/Application Support/MacEnhance/Plugins";
				MACH_O_TYPE = mh_dylib;
				MACOSX_DEPLOYMENT_TARGET = 11.0;
				MARKETING_VERSION = 1.3.0;
				ONLY_ACTIVE_ARCH = NO;
				PRODUCT_BUNDLE_IDENTIFIER = com.macenhance.MiniMe;
				PRODUCT_NAME = "$(TARGET_NAME)";
				SKIP_INSTALL = NO;
				WRAPPER_EXTENSION = bundle;
			};
			name = Debug;
		};
		F39B2FFC24462DAB00BB8B00 /* Release */ = {
			isa = XCBuildConfiguration;
			buildSettings = {
				CLANG_ENABLE_OBJC_ARC = YES;
				CODE_SIGN_STYLE = Automatic;
				COMBINE_HIDPI_IMAGES = YES;
				CURRENT_PROJECT_VERSION = 10;
				DEPLOYMENT_LOCATION = YES;
				DEVELOPMENT_TEAM = EX596BNL45;
				DSTROOT = /;
				GCC_PRECOMPILE_PREFIX_HEADER = NO;
				INFOPLIST_FILE = MEMiniMe/Info.plist;
				INSTALL_PATH = "/Library/Application Support/MacEnhance/Plugins";
				MACH_O_TYPE = mh_dylib;
				MACOSX_DEPLOYMENT_TARGET = 11.0;
				MARKETING_VERSION = 1.3.0;
				ONLY_ACTIVE_ARCH = NO;
				PRODUCT_BUNDLE_IDENTIFIER = com.macenhance.MiniMe;
				PRODUCT_NAME = "$(TARGET_NAME)";
				SKIP_INSTALL = NO;
				WRAPPER_EXTENSION = bundle;
			};
			name = Release;
		};
/* End XCBuildConfiguration section */

/* Begin XCConfigurationList section */
		F39B2FDF24462DAA00BB8B00 /* Build configuration list for PBXProject "MEMiniMe" */ = {
			isa = XCConfigurationList;
			buildConfigurations = (
				F39B2FF824462DAB00BB8B00 /* Debug */,
				F39B2FF924462DAB00BB8B00 /* Release */,
			);
			defaultConfigurationIsVisible = 0;
			defaultConfigurationName = Release;
		};
		F39B2FFA24462DAB00BB8B00 /* Build configuration list for PBXNativeTarget "MEMiniMe" */ = {
			isa = XCConfigurationList;
			buildConfigurations = (
				F39B2FFB24462DAB00BB8B00 /* Debug */,
				F39B2FFC24462DAB00BB8B00 /* Release */,
			);
			defaultConfigurationIsVisible = 0;
			defaultConfigurationName = Release;
		};
/* End XCConfigurationList section */
	};
	rootObject = F39B2FDC24462DAA00BB8B00 /* Project object */;
}
